# This file is autogenerated, do not edit; changes may be undone by the next 'dep ensure'.


[[projects]]
  branch = "master"
  name = "github.com/bitlum/macaroon-application-auth"
  packages = ["."]
  revision = "155a6a8f34a5cb5da46ced6ede823c3755c3328b"

[[projects]]
  name = "github.com/go-errors/errors"
  packages = ["."]
  revision = "3afebba5a48dbc89b574d890b6b34d9ee10b4785"
  version = "v1.0.0"

[[projects]]
  branch = "master"
  name = "github.com/kr/pretty"
  packages = ["."]
  revision = "cfb55aafdaf3ec08f0db22699ab822c50091b1c4"

[[projects]]
  branch = "master"
  name = "github.com/kr/text"
  packages = ["."]
  revision = "7cafcd837844e784b526369c9bce262804aebc60"

[[projects]]
  name = "github.com/shopspring/decimal"
  packages = ["."]
  revision = "69b3a8ad1f5f2c8bd855cb6506d18593064a346b"
  version = "1.0.1"

[[projects]]
  branch = "master"
  name = "golang.org/x/crypto"
  packages = [
    "nacl/secretbox",
    "poly1305",
    "salsa20/salsa"
  ]
  revision = "c3a3ad6d03f7a915c0f7e194b7152974bb73d287"

[[projects]]
  branch = "master"
  name = "golang.org/x/net"
  packages = ["context"]
  revision = "6078986fec03a1dcc236c34816c71b0e05018fda"

[[projects]]
  branch = "v1"
  name = "gopkg.in/errgo.v1"
  packages = ["."]
  revision = "442357a80af5c6bf9b6d51ae791a39c3421004f3"

[[projects]]
  name = "gopkg.in/macaroon-bakery.v2"
  packages = ["bakery/checkers"]
  revision = "94012773d2874a067572bd16d7d11ae02968b47b"
  version = "v2.0.1"

[[projects]]
  name = "gopkg.in/macaroon.v2"
  packages = ["."]
  revision = "bed2a428da6e56d950bed5b41fcbae3141e5b0d0"
  version = "v2.0.0"

[solve-meta]
  analyzer-name = "dep"
  analyzer-version = 1
  inputs-digest = "9f79864fba5af430fcbda21b44a49e0ea2ad7eb3e1b17544257f0df29cc1af0f"
  solver-name = "gps-cdcl"
  solver-version = 1
